// !$*UTF8*$!
{
	archiveVersion = 1;
	classes = {
	};
	objectVersion = 77;
	objects = {

/* Begin PBXContainerItemProxy section */
		79D479292DE4F958002A6AF5 /* PBXContainerItemProxy */ = {
			isa = PBXContainerItemProxy;
			containerPortal = 79D479132DE4F957002A6AF5 /* Project object */;
			proxyType = 1;
			remoteGlobalIDString = 79D4791A2DE4F957002A6AF5;
			remoteInfo = ForexAISage;
		};
		79D479332DE4F958002A6AF5 /* PBXContainerItemProxy */ = {
			isa = PBXContainerItemProxy;
			containerPortal = 79D479132DE4F957002A6AF5 /* Project object */;
			proxyType = 1;
			remoteGlobalIDString = 79D4791A2DE4F957002A6AF5;
			remoteInfo = ForexAISage;
		};
/* End PBXContainerItemProxy section */

/* Begin PBXFileReference section */
		79D4791B2DE4F957002A6AF5 /* ForexAISage.app */ = {isa = PBXFileReference; explicitFileType = wrapper.application; includeInIndex = 0; path = ForexAISage.app; sourceTree = BUILT_PRODUCTS_DIR; };
		79D479282DE4F958002A6AF5 /* ForexAISageTests.xctest */ = {isa = PBXFileReference; explicitFileType = wrapper.cfbundle; includeInIndex = 0; path = ForexAISageTests.xctest; sourceTree = BUILT_PRODUCTS_DIR; };
		79D479322DE4F958002A6AF5 /* ForexAISageUITests.xctest */ = {isa = PBXFileReference; explicitFileType = wrapper.cfbundle; includeInIndex = 0; path = ForexAISageUITests.xctest; sourceTree = BUILT_PRODUCTS_DIR; };
/* End PBXFileReference section */

/* Begin PBXFileSystemSynchronizedRootGroup section */
		79D4791D2DE4F957002A6AF5 /* ForexAISage */ = {
			isa = PBXFileSystemSynchronizedRootGroup;
			path = ForexAISage;
			sourceTree = "<group>";
		};
		79D4792B2DE4F958002A6AF5 /* ForexAISageTests */ = {
			isa = PBXFileSystemSynchronizedRootGroup;
			path = ForexAISageTests;
			sourceTree = "<group>";
		};
		79D479352DE4F958002A6AF5 /* ForexAISageUITests */ = {
			isa = PBXFileSystemSynchronizedRootGroup;
			path = ForexAISageUITests;
			sourceTree = "<group>";
		};
/* End PBXFileSystemSynchronizedRootGroup section */

/* Begin PBXFrameworksBuildPhase section */
		79D479182DE4F957002A6AF5 /* Frameworks */ = {
			isa = PBXFrameworksBuildPhase;
			buildActionMask = 2147483647;
			files = (
			);
			runOnlyForDeploymentPostprocessing = 0;
		};
		79D479252DE4F958002A6AF5 /* Frameworks */ = {
			isa = PBXFrameworksBuildPhase;
			buildActionMask = 2147483647;
			files = (
			);
			runOnlyForDeploymentPostprocessing = 0;
		};
		79D4792F2DE4F958002A6AF5 /* Frameworks */ = {
			isa = PBXFrameworksBuildPhase;
			buildActionMask = 2147483647;
			files = (
			);
			runOnlyForDeploymentPostprocessing = 0;
		};
/* End PBXFrameworksBuildPhase section */

/* Begin PBXGroup section */
		79D479122DE4F957002A6AF5 = {
			isa = PBXGroup;
			children = (
				79D4791D2DE4F957002A6AF5 /* ForexAISage */,
				79D4792B2DE4F958002A6AF5 /* ForexAISageTests */,
				79D479352DE4F958002A6AF5 /* ForexAISageUITests */,
				79D4791C2DE4F957002A6AF5 /* Products */,
			);
			sourceTree = "<group>";
		};
		79D4791C2DE4F957002A6AF5 /* Products */ = {
			isa = PBXGroup;
			children = (
				79D4791B2DE4F957002A6AF5 /* ForexAISage.app */,
				79D479282DE4F958002A6AF5 /* ForexAISageTests.xctest */,
				79D479322DE4F958002A6AF5 /* ForexAISageUITests.xctest */,
			);
			name = Products;
			sourceTree = "<group>";
		};
/* End PBXGroup section */

/* Begin PBXNativeTarget section */
		79D4791A2DE4F957002A6AF5 /* ForexAISage */ = {
			isa = PBXNativeTarget;
			buildConfigurationList = 79D4793C2DE4F958002A6AF5 /* Build configuration list for PBXNativeTarget "ForexAISage" */;
			buildPhases = (
				79D479172DE4F957002A6AF5 /* Sources */,
				79D479182DE4F957002A6AF5 /* Frameworks */,
				79D479192DE4F957002A6AF5 /* Resources */,
			);
			buildRules = (
			);
			dependencies = (
			);
			fileSystemSynchronizedGroups = (
				79D4791D2DE4F957002A6AF5 /* ForexAISage */,
			);
			name = ForexAISage;
			packageProductDependencies = (
			);
			productName = ForexAISage;
			productReference = 79D4791B2DE4F957002A6AF5 /* ForexAISage.app */;
			productType = "com.apple.product-type.application";
		};
		79D479272DE4F958002A6AF5 /* ForexAISageTests */ = {
			isa = PBXNativeTarget;
			buildConfigurationList = 79D4793F2DE4F958002A6AF5 /* Build configuration list for PBXNativeTarget "ForexAISageTests" */;
			buildPhases = (
				79D479242DE4F958002A6AF5 /* Sources */,
				79D479252DE4F958002A6AF5 /* Frameworks */,
				79D479262DE4F958002A6AF5 /* Resources */,
			);
			buildRules = (
			);
			dependencies = (
				79D4792A2DE4F958002A6AF5 /* PBXTargetDependency */,
			);
			fileSystemSynchronizedGroups = (
				79D4792B2DE4F958002A6AF5 /* ForexAISageTests */,
			);
			name = ForexAISageTests;
			packageProductDependencies = (
			);
			productName = ForexAISageTests;
			productReference = 79D479282DE4F958002A6AF5 /* ForexAISageTests.xctest */;
			productType = "com.apple.product-type.bundle.unit-test";
		};
		79D479312DE4F958002A6AF5 /* ForexAISageUITests */ = {
			isa = PBXNativeTarget;
			buildConfigurationList = 79D479422DE4F958002A6AF5 /* Build configuration list for PBXNativeTarget "ForexAISageUITests" */;
			buildPhases = (
				79D4792E2DE4F958002A6AF5 /* Sources */,
				79D4792F2DE4F958002A6AF5 /* Frameworks */,
				79D479302DE4F958002A6AF5 /* Resources */,
			);
			buildRules = (
			);
			dependencies = (
				79D479342DE4F958002A6AF5 /* PBXTargetDependency */,
			);
			fileSystemSynchronizedGroups = (
				79D479352DE4F958002A6AF5 /* ForexAISageUITests */,
			);
			name = ForexAISageUITests;
			packageProductDependencies = (
			);
			productName = ForexAISageUITests;
			productReference = 79D479322DE4F958002A6AF5 /* ForexAISageUITests.xctest */;
			productType = "com.apple.product-type.bundle.ui-testing";
		};
/* End PBXNativeTarget section */

/* Begin PBXProject section */
		79D479132DE4F957002A6AF5 /* Project object */ = {
			isa = PBXProject;
			attributes = {
				BuildIndependentTargetsInParallel = 1;
				LastSwiftUpdateCheck = 1630;
				LastUpgradeCheck = 1630;
				TargetAttributes = {
					79D4791A2DE4F957002A6AF5 = {
						CreatedOnToolsVersion = 16.3;
					};
					79D479272DE4F958002A6AF5 = {
						CreatedOnToolsVersion = 16.3;
						TestTargetID = 79D4791A2DE4F957002A6AF5;
					};
					79D479312DE4F958002A6AF5 = {
						CreatedOnToolsVersion = 16.3;
						TestTargetID = 79D4791A2DE4F957002A6AF5;
					};
				};
			};
			buildConfigurationList = 79D479162DE4F957002A6AF5 /* Build configuration list for PBXProject "ForexAISage" */;
			developmentRegion = en;
			hasScannedForEncodings = 0;
			knownRegions = (
				en,
				Base,
			);
			mainGroup = 79D479122DE4F957002A6AF5;
			minimizedProjectReferenceProxies = 1;
			preferredProjectObjectVersion = 77;
			productRefGroup = 79D4791C2DE4F957002A6AF5 /* Products */;
			projectDirPath = "";
			projectRoot = "";
			targets = (
				79D4791A2DE4F957002A6AF5 /* ForexAISage */,
				79D479272DE4F958002A6AF5 /* ForexAISageTests */,
				79D479312DE4F958002A6AF5 /* ForexAISageUITests */,
			);
		};
/* End PBXProject section */

/* Begin PBXResourcesBuildPhase section */
		79D479192DE4F957002A6AF5 /* Resources */ = {
			isa = PBXResourcesBuildPhase;
			buildActionMask = 2147483647;
			files = (
			);
			runOnlyForDeploymentPostprocessing = 0;
		};
		79D479262DE4F958002A6AF5 /* Resources */ = {
			isa = PBXResourcesBuildPhase;
			buildActionMask = 2147483647;
			files = (
			);
			runOnlyForDeploymentPostprocessing = 0;
		};
		79D479302DE4F958002A6AF5 /* Resources */ = {
			isa = PBXResourcesBuildPhase;
			buildActionMask = 2147483647;
			files = (
			);
			runOnlyForDeploymentPostprocessing = 0;
		};
/* End PBXResourcesBuildPhase section */

/* Begin PBXSourcesBuildPhase section */
		79D479172DE4F957002A6AF5 /* Sources */ = {
			isa = PBXSourcesBuildPhase;
			buildActionMask = 2147483647;
			files = (
			);
			runOnlyForDeploymentPostprocessing = 0;
		};
		79D479242DE4F958002A6AF5 /* Sources */ = {
			isa = PBXSourcesBuildPhase;
			buildActionMask = 2147483647;
			files = (
			);
			runOnlyForDeploymentPostprocessing = 0;
		};
		79D4792E2DE4F958002A6AF5 /* Sources */ = {
			isa = PBXSourcesBuildPhase;
			buildActionMask = 2147483647;
			files = (
			);
			runOnlyForDeploymentPostprocessing = 0;
		};
/* End PBXSourcesBuildPhase section */

/* Begin PBXTargetDependency section */
		79D4792A2DE4F958002A6AF5 /* PBXTargetDependency */ = {
			isa = PBXTargetDependency;
			target = 79D4791A2DE4F957002A6AF5 /* ForexAISage */;
			targetProxy = 79D479292DE4F958002A6AF5 /* PBXContainerItemProxy */;
		};
		79D479342DE4F958002A6AF5 /* PBXTargetDependency */ = {
			isa = PBXTargetDependency;
			target = 79D4791A2DE4F957002A6AF5 /* ForexAISage */;
			targetProxy = 79D479332DE4F958002A6AF5 /* PBXContainerItemProxy */;
		};
/* End PBXTargetDependency section */

/* Begin XCBuildConfiguration section */
		79D4793A2DE4F958002A6AF5 /* Debug */ = {
			isa = XCBuildConfiguration;
			buildSettings = {
				ALWAYS_SEARCH_USER_PATHS = NO;
				ASSETCATALOG_COMPILER_GENERATE_SWIFT_ASSET_SYMBOL_EXTENSIONS = YES;
				CLANG_ANALYZER_NONNULL = YES;
				CLANG_ANALYZER_NUMBER_OBJECT_CONVERSION = YES_AGGRESSIVE;
				CLANG_CXX_LANGUAGE_STANDARD = "gnu++20";
				CLANG_ENABLE_MODULES = YES;
				CLANG_ENABLE_OBJC_ARC = YES;
				CLANG_ENABLE_OBJC_WEAK = YES;
				CLANG_WARN_BLOCK_CAPTURE_AUTORELEASING = YES;
				CLANG_WARN_BOOL_CONVERSION = YES;
				CLANG_WARN_COMMA = YES;
				CLANG_WARN_CONSTANT_CONVERSION = YES;
				CLANG_WARN_DEPRECATED_OBJC_IMPLEMENTATIONS = YES;
				CLANG_WARN_DIRECT_OBJC_ISA_USAGE = YES_ERROR;
				CLANG_WARN_DOCUMENTATION_COMMENTS = YES;
				CLANG_WARN_EMPTY_BODY = YES;
				CLANG_WARN_ENUM_CONVERSION = YES;
				CLANG_WARN_INFINITE_RECURSION = YES;
				CLANG_WARN_INT_CONVERSION = YES;
				CLANG_WARN_NON_LITERAL_NULL_CONVERSION = YES;
				CLANG_WARN_OBJC_IMPLICIT_RETAIN_SELF = YES;
				CLANG_WARN_OBJC_LITERAL_CONVERSION = YES;
				CLANG_WARN_OBJC_ROOT_CLASS = YES_ERROR;
				CLANG_WARN_QUOTED_INCLUDE_IN_FRAMEWORK_HEADER = YES;
				CLANG_WARN_RANGE_LOOP_ANALYSIS = YES;
				CLANG_WARN_STRICT_PROTOTYPES = YES;
				CLANG_WARN_SUSPICIOUS_MOVE = YES;
				CLANG_WARN_UNGUARDED_AVAILABILITY = YES_AGGRESSIVE;
				CLANG_WARN_UNREACHABLE_CODE = YES;
				CLANG_WARN__DUPLICATE_METHOD_MATCH = YES;
				COPY_PHASE_STRIP = NO;
				DEBUG_INFORMATION_FORMAT = dwarf;
				DEVELOPMENT_TEAM = 6JD548BN3B;
				ENABLE_STRICT_OBJC_MSGSEND = YES;
				ENABLE_TESTABILITY = YES;
				ENABLE_USER_SCRIPT_SANDBOXING = YES;
				GCC_C_LANGUAGE_STANDARD = gnu17;
				GCC_DYNAMIC_NO_PIC = NO;
				GCC_NO_COMMON_BLOCKS = YES;
				GCC_OPTIMIZATION_LEVEL = 0;
				GCC_PREPROCESSOR_DEFINITIONS = (
					"DEBUG=1",
					"$(inherited)",
				);
				GCC_WARN_64_TO_32_BIT_CONVERSION = YES;
				GCC_WARN_ABOUT_RETURN_TYPE = YES_ERROR;
				GCC_WARN_UNDECLARED_SELECTOR = YES;
				GCC_WARN_UNINITIALIZED_AUTOS = YES_AGGRESSIVE;
				GCC_WARN_UNUSED_FUNCTION = YES;
				GCC_WARN_UNUSED_VARIABLE = YES;
				IPHONEOS_DEPLOYMENT_TARGET = 18.4;
				LOCALIZATION_PREFERS_STRING_CATALOGS = YES;
				MTL_ENABLE_DEBUG_INFO = INCLUDE_SOURCE;
				MTL_FAST_MATH = YES;
				ONLY_ACTIVE_ARCH = YES;
				SDKROOT = iphoneos;
				SWIFT_ACTIVE_COMPILATION_CONDITIONS = "DEBUG $(inherited)";
				SWIFT_OPTIMIZATION_LEVEL = "-Onone";
			};
			name = Debug;
		};
		79D4793B2DE4F958002A6AF5 /* Release */ = {
			isa = XCBuildConfiguration;
			buildSettings = {
				ALWAYS_SEARCH_USER_PATHS = NO;
				ASSETCATALOG_COMPILER_GENERATE_SWIFT_ASSET_SYMBOL_EXTENSIONS = YES;
				CLANG_ANALYZER_NONNULL = YES;
				CLANG_ANALYZER_NUMBER_OBJECT_CONVERSION = YES_AGGRESSIVE;
				CLANG_CXX_LANGUAGE_STANDARD = "gnu++20";
				CLANG_ENABLE_MODULES = YES;
				CLANG_ENABLE_OBJC_ARC = YES;
				CLANG_ENABLE_OBJC_WEAK = YES;
				CLANG_WARN_BLOCK_CAPTURE_AUTORELEASING = YES;
				CLANG_WARN_BOOL_CONVERSION = YES;
				CLANG_WARN_COMMA = YES;
				CLANG_WARN_CONSTANT_CONVERSION = YES;
				CLANG_WARN_DEPRECATED_OBJC_IMPLEMENTATIONS = YES;
				CLANG_WARN_DIRECT_OBJC_ISA_USAGE = YES_ERROR;
				CLANG_WARN_DOCUMENTATION_COMMENTS = YES;
				CLANG_WARN_EMPTY_BODY = YES;
				CLANG_WARN_ENUM_CONVERSION = YES;
				CLANG_WARN_INFINITE_RECURSION = YES;
				CLANG_WARN_INT_CONVERSION = YES;
				CLANG_WARN_NON_LITERAL_NULL_CONVERSION = YES;
				CLANG_WARN_OBJC_IMPLICIT_RETAIN_SELF = YES;
				CLANG_WARN_OBJC_LITERAL_CONVERSION = YES;
				CLANG_WARN_OBJC_ROOT_CLASS = YES_ERROR;
				CLANG_WARN_QUOTED_INCLUDE_IN_FRAMEWORK_HEADER = YES;
				CLANG_WARN_RANGE_LOOP_ANALYSIS = YES;
				CLANG_WARN_STRICT_PROTOTYPES = YES;
				CLANG_WARN_SUSPICIOUS_MOVE = YES;
				CLANG_WARN_UNGUARDED_AVAILABILITY = YES_AGGRESSIVE;
				CLANG_WARN_UNREACHABLE_CODE = YES;
				CLANG_WARN__DUPLICATE_METHOD_MATCH = YES;
				COPY_PHASE_STRIP = NO;
				DEBUG_INFORMATION_FORMAT = "dwarf-with-dsym";
				DEVELOPMENT_TEAM = 6JD548BN3B;
				ENABLE_NS_ASSERTIONS = NO;
				ENABLE_STRICT_OBJC_MSGSEND = YES;
				ENABLE_USER_SCRIPT_SANDBOXING = YES;
				GCC_C_LANGUAGE_STANDARD = gnu17;
				GCC_NO_COMMON_BLOCKS = YES;
				GCC_WARN_64_TO_32_BIT_CONVERSION = YES;
				GCC_WARN_ABOUT_RETURN_TYPE = YES_ERROR;
				GCC_WARN_UNDECLARED_SELECTOR = YES;
				GCC_WARN_UNINITIALIZED_AUTOS = YES_AGGRESSIVE;
				GCC_WARN_UNUSED_FUNCTION = YES;
				GCC_WARN_UNUSED_VARIABLE = YES;
				IPHONEOS_DEPLOYMENT_TARGET = 18.4;
				LOCALIZATION_PREFERS_STRING_CATALOGS = YES;
				MTL_ENABLE_DEBUG_INFO = NO;
				MTL_FAST_MATH = YES;
				SDKROOT = iphoneos;
				SWIFT_COMPILATION_MODE = wholemodule;
				VALIDATE_PRODUCT = YES;
			};
			name = Release;
		};
		79D4793D2DE4F958002A6AF5 /* Debug */ = {
			isa = XCBuildConfiguration;
			buildSettings = {
				ASSETCATALOG_COMPILER_APPICON_NAME = AppIcon;
				ASSETCATALOG_COMPILER_GLOBAL_ACCENT_COLOR_NAME = AccentColor;
				CODE_SIGN_STYLE = Automatic;
				CURRENT_PROJECT_VERSION = 1;
				DEVELOPMENT_TEAM = 6JD548BN3B;
				ENABLE_PREVIEWS = YES;
				GENERATE_INFOPLIST_FILE = YES;
				INFOPLIST_KEY_UIApplicationSceneManifest_Generation = YES;
				INFOPLIST_KEY_UIApplicationSupportsIndirectInputEvents = YES;
				INFOPLIST_KEY_UILaunchScreen_Generation = YES;
				INFOPLIST_KEY_UISupportedInterfaceOrientations_iPad = "UIInterfaceOrientationPortrait UIInterfaceOrientationPortraitUpsideDown UIInterfaceOrientationLandscapeLeft UIInterfaceOrientationLandscapeRight";
				INFOPLIST_KEY_UISupportedInterfaceOrientations_iPhone = "UIInterfaceOrientationPortrait UIInterfaceOrientationLandscapeLeft UIInterfaceOrientationLandscapeRight";
				LD_RUNPATH_SEARCH_PATHS = (
					"$(inherited)",
					"@executable_path/Frameworks",
				);
				MARKETING_VERSION = 1.0;
				PRODUCT_BUNDLE_IDENTIFIER = com.BulldogVenturesInc.ForexAISage;
				PRODUCT_NAME = "$(TARGET_NAME)";
				SWIFT_EMIT_LOC_STRINGS = YES;
				SWIFT_VERSION = 5.0;
				TARGETED_DEVICE_FAMILY = "1,2";
			};
			name = Debug;
		};
		79D4793E2DE4F958002A6AF5 /* Release */ = {
			isa = XCBuildConfiguration;
			buildSettings = {
				ASSETCATALOG_COMPILER_APPICON_NAME = AppIcon;
				ASSETCATALOG_COMPILER_GLOBAL_ACCENT_COLOR_NAME = AccentColor;
				CODE_SIGN_STYLE = Automatic;
				CURRENT_PROJECT_VERSION = 1;
				DEVELOPMENT_TEAM = 6JD548BN3B;
				ENABLE_PREVIEWS = YES;
				GENERATE_INFOPLIST_FILE = YES;
				INFOPLIST_KEY_UIApplicationSceneManifest_Generation = YES;
				INFOPLIST_KEY_UIApplicationSupportsIndirectInputEvents = YES;
				INFOPLIST_KEY_UILaunchScreen_Generation = YES;
				INFOPLIST_KEY_UISupportedInterfaceOrientations_iPad = "UIInterfaceOrientationPortrait UIInterfaceOrientationPortraitUpsideDown UIInterfaceOrientationLandscapeLeft UIInterfaceOrientationLandscapeRight";
				INFOPLIST_KEY_UISupportedInterfaceOrientations_iPhone = "UIInterfaceOrientationPortrait UIInterfaceOrientationLandscapeLeft UIInterfaceOrientationLandscapeRight";
				LD_RUNPATH_SEARCH_PATHS = (
					"$(inherited)",
					"@executable_path/Frameworks",
				);
				MARKETING_VERSION = 1.0;
				PRODUCT_BUNDLE_IDENTIFIER = com.BulldogVenturesInc.ForexAISage;
				PRODUCT_NAME = "$(TARGET_NAME)";
				SWIFT_EMIT_LOC_STRINGS = YES;
				SWIFT_VERSION = 5.0;
				TARGETED_DEVICE_FAMILY = "1,2";
			};
			name = Release;
		};
		79D479402DE4F958002A6AF5 /* Debug */ = {
			isa = XCBuildConfiguration;
			buildSettings = {
				BUNDLE_LOADER = "$(TEST_HOST)";
				CODE_SIGN_STYLE = Automatic;
				CURRENT_PROJECT_VERSION = 1;
				DEVELOPMENT_TEAM = 6JD548BN3B;
				GENERATE_INFOPLIST_FILE = YES;
				IPHONEOS_DEPLOYMENT_TARGET = 18.4;
				MARKETING_VERSION = 1.0;
				PRODUCT_BUNDLE_IDENTIFIER = com.BulldogVenturesInc.ForexAISageTests;
				PRODUCT_NAME = "$(TARGET_NAME)";
				SWIFT_EMIT_LOC_STRINGS = NO;
				SWIFT_VERSION = 5.0;
				TARGETED_DEVICE_FAMILY = "1,2";
				TEST_HOST = "$(BUILT_PRODUCTS_DIR)/ForexAISage.app/$(BUNDLE_EXECUTABLE_FOLDER_PATH)/ForexAISage";
			};
			name = Debug;
		};
		79D479412DE4F958002A6AF5 /* Release */ = {
			isa = XCBuildConfiguration;
			buildSettings = {
				BUNDLE_LOADER = "$(TEST_HOST)";
				CODE_SIGN_STYLE = Automatic;
				CURRENT_PROJECT_VERSION = 1;
				DEVELOPMENT_TEAM = 6JD548BN3B;
				GENERATE_INFOPLIST_FILE = YES;
				IPHONEOS_DEPLOYMENT_TARGET = 18.4;
				MARKETING_VERSION = 1.0;
				PRODUCT_BUNDLE_IDENTIFIER = com.BulldogVenturesInc.ForexAISageTests;
				PRODUCT_NAME = "$(TARGET_NAME)";
				SWIFT_EMIT_LOC_STRINGS = NO;
				SWIFT_VERSION = 5.0;
				TARGETED_DEVICE_FAMILY = "1,2";
				TEST_HOST = "$(BUILT_PRODUCTS_DIR)/ForexAISage.app/$(BUNDLE_EXECUTABLE_FOLDER_PATH)/ForexAISage";
			};
			name = Release;
		};
		79D479432DE4F958002A6AF5 /* Debug */ = {
			isa = XCBuildConfiguration;
			buildSettings = {
				CODE_SIGN_STYLE = Automatic;
				CURRENT_PROJECT_VERSION = 1;
				DEVELOPMENT_TEAM = 6JD548BN3B;
				GENERATE_INFOPLIST_FILE = YES;
				MARKETING_VERSION = 1.0;
				PRODUCT_BUNDLE_IDENTIFIER = com.BulldogVenturesInc.ForexAISageUITests;
				PRODUCT_NAME = "$(TARGET_NAME)";
				SWIFT_EMIT_LOC_STRINGS = NO;
				SWIFT_VERSION = 5.0;
				TARGETED_DEVICE_FAMILY = "1,2";
				TEST_TARGET_NAME = ForexAISage;
			};
			name = Debug;
		};
		79D479442DE4F958002A6AF5 /* Release */ = {
			isa = XCBuildConfiguration;
			buildSettings = {
				CODE_SIGN_STYLE = Automatic;
				CURRENT_PROJECT_VERSION = 1;
				DEVELOPMENT_TEAM = 6JD548BN3B;
				GENERATE_INFOPLIST_FILE = YES;
				MARKETING_VERSION = 1.0;
				PRODUCT_BUNDLE_IDENTIFIER = com.BulldogVenturesInc.ForexAISageUITests;
				PRODUCT_NAME = "$(TARGET_NAME)";
				SWIFT_EMIT_LOC_STRINGS = NO;
				SWIFT_VERSION = 5.0;
				TARGETED_DEVICE_FAMILY = "1,2";
				TEST_TARGET_NAME = ForexAISage;
			};
			name = Release;
		};
/* End XCBuildConfiguration section */

/* Begin XCConfigurationList section */
		79D479162DE4F957002A6AF5 /* Build configuration list for PBXProject "ForexAISage" */ = {
			isa = XCConfigurationList;
			buildConfigurations = (
				79D4793A2DE4F958002A6AF5 /* Debug */,
				79D4793B2DE4F958002A6AF5 /* Release */,
			);
			defaultConfigurationIsVisible = 0;
			defaultConfigurationName = Release;
		};
		79D4793C2DE4F958002A6AF5 /* Build configuration list for PBXNativeTarget "ForexAISage" */ = {
			isa = XCConfigurationList;
			buildConfigurations = (
				79D4793D2DE4F958002A6AF5 /* Debug */,
				79D4793E2DE4F958002A6AF5 /* Release */,
			);
			defaultConfigurationIsVisible = 0;
			defaultConfigurationName = Release;
		};
		79D4793F2DE4F958002A6AF5 /* Build configuration list for PBXNativeTarget "ForexAISageTests" */ = {
			isa = XCConfigurationList;
			buildConfigurations = (
				79D479402DE4F958002A6AF5 /* Debug */,
				79D479412DE4F958002A6AF5 /* Release */,
			);
			defaultConfigurationIsVisible = 0;
			defaultConfigurationName = Release;
		};
		79D479422DE4F958002A6AF5 /* Build configuration list for PBXNativeTarget "ForexAISageUITests" */ = {
			isa = XCConfigurationList;
			buildConfigurations = (
				79D479432DE4F958002A6AF5 /* Debug */,
				79D479442DE4F958002A6AF5 /* Release */,
			);
			defaultConfigurationIsVisible = 0;
			defaultConfigurationName = Release;
		};
/* End XCConfigurationList section */
	};
	rootObject = 79D479132DE4F957002A6AF5 /* Project object */;
}
